
Microsoft Visual Studio Solution File, Format Version 12.00
# Visual Studio Version 16
VisualStudioVersion = 16.0.31515.178
MinimumVisualStudioVersion = 10.0.40219.1
Project("{159641D6-6404-4A2A-AE62-294DE0FE8301}") = "Gaming SSIS Project", "Gaming SSIS Project\Gaming SSIS Project.dtproj", "{32C80EBF-5BCD-4DE4-B467-E003FA9BFE4A}"
EndProject
Global
	GlobalSection(SolutionConfigurationPlatforms) = preSolution
		Development|Default = Development|Default
	EndGlobalSection
	GlobalSection(ProjectConfigurationPlatforms) = postSolution
		{32C80EBF-5BCD-4DE4-B467-E003FA9BFE4A}.Development|Default.ActiveCfg = Development
		{32C80EBF-5BCD-4DE4-B467-E003FA9BFE4A}.Development|Default.Build.0 = Development
	EndGlobalSection
	GlobalSection(SolutionProperties) = preSolution
		HideSolutionNode = FALSE
	EndGlobalSection
	GlobalSection(ExtensibilityGlobals) = postSolution
		SolutionGuid = {F76E5CCB-2465-4403-81C5-4A3CA22704D2}
	EndGlobalSection
EndGlobal
