
Microsoft Visual Studio Solution File, Format Version 12.00
# Visual Studio Version 16
VisualStudioVersion = 16.0.31515.178
MinimumVisualStudioVersion = 10.0.40219.1
Project("{159641D6-6404-4A2A-AE62-294DE0FE8301}") = "SSIS_GamingGroup6", "SSIS_GamingGroup6\SSIS_GamingGroup6.dtproj", "{04B65706-E323-4B14-8AA7-5FA336839D71}"
EndProject
Global
	GlobalSection(SolutionConfigurationPlatforms) = preSolution
		Development|Default = Development|Default
	EndGlobalSection
	GlobalSection(ProjectConfigurationPlatforms) = postSolution
		{04B65706-E323-4B14-8AA7-5FA336839D71}.Development|Default.ActiveCfg = Development
		{04B65706-E323-4B14-8AA7-5FA336839D71}.Development|Default.Build.0 = Development
	EndGlobalSection
	GlobalSection(SolutionProperties) = preSolution
		HideSolutionNode = FALSE
	EndGlobalSection
	GlobalSection(ExtensibilityGlobals) = postSolution
		SolutionGuid = {51C18C62-5332-4773-BB9B-1DED8E2BD56B}
	EndGlobalSection
EndGlobal
